
Microsoft Visual Studio Solution File, Format Version 12.00
# Visual Studio Version 16
VisualStudioVersion = 16.0.810.14
MinimumVisualStudioVersion = 10.0.40219.1
Project("{FAE04EC0-301F-11D3-BF4B-00C04F79EFBC}") = "ApiRestCompra", "ApiRestCompra\ApiRestCompra.csproj", "{A163CD3F-241D-49DF-854E-1EE2A1D5ADCE}"
EndProject
Global
	GlobalSection(SolutionConfigurationPlatforms) = preSolution
		Debug|Any CPU = Debug|Any CPU
		Release|Any CPU = Release|Any CPU
	EndGlobalSection
	GlobalSection(ProjectConfigurationPlatforms) = postSolution
		{A163CD3F-241D-49DF-854E-1EE2A1D5ADCE}.Debug|Any CPU.ActiveCfg = Debug|Any CPU
		{A163CD3F-241D-49DF-854E-1EE2A1D5ADCE}.Debug|Any CPU.Build.0 = Debug|Any CPU
		{A163CD3F-241D-49DF-854E-1EE2A1D5ADCE}.Release|Any CPU.ActiveCfg = Release|Any CPU
		{A163CD3F-241D-49DF-854E-1EE2A1D5ADCE}.Release|Any CPU.Build.0 = Release|Any CPU
	EndGlobalSection
	GlobalSection(SolutionProperties) = preSolution
		HideSolutionNode = FALSE
	EndGlobalSection
	GlobalSection(ExtensibilityGlobals) = postSolution
		SolutionGuid = {61C1185A-71A8-40C4-BE6D-58D45CFB609A}
	EndGlobalSection
EndGlobal
